
Microsoft Visual Studio Solution File, Format Version 12.00
# Visual Studio Version 17
VisualStudioVersion = 17.11.35327.3
MinimumVisualStudioVersion = 10.0.40219.1
Project("{2150E333-8FDC-42A3-9474-1A3956D46DE8}") = "src", "src", "{E0E43B79-EA1D-4B42-B025-C9521BB01762}"
EndProject
Project("{2150E333-8FDC-42A3-9474-1A3956D46DE8}") = "Building Blocks", "Building Blocks", "{4DB91786-CE5B-408A-B786-6E08C26E053D}"
EndProject
Project("{2150E333-8FDC-42A3-9474-1A3956D46DE8}") = "Services", "Services", "{5C120592-3084-4B37-81DF-AC001ECB0823}"
EndProject
Project("{2150E333-8FDC-42A3-9474-1A3956D46DE8}") = "Web", "Web", "{1799015C-CB1C-4CAF-A86A-A4278E96B9F0}"
EndProject
Project("{2150E333-8FDC-42A3-9474-1A3956D46DE8}") = "Identidade", "Identidade", "{7BE72D90-98C7-4F92-81E2-6C968E0EEED5}"
EndProject
Project("{2150E333-8FDC-42A3-9474-1A3956D46DE8}") = "MVC", "MVC", "{8C0DCAFC-03B4-4E95-864F-C3C3CADB2C9B}"
EndProject
Project("{2150E333-8FDC-42A3-9474-1A3956D46DE8}") = "Core", "Core", "{50B959F5-48D3-45B8-A366-E4EE698DC1E2}"
EndProject
Project("{2150E333-8FDC-42A3-9474-1A3956D46DE8}") = "Eventos", "Eventos", "{16AE0CCD-C3BD-458D-9CBF-DCCE01BF48E6}"
EndProject
Project("{9A19103F-16F7-4668-BE54-9A1E7A4F7556}") = "FML.WebApp.MVC", "src\web\FML.WebApp.MVC\FML.WebApp.MVC.csproj", "{FF82591D-3191-4701-9DBA-642F062F410F}"
EndProject
Project("{9A19103F-16F7-4668-BE54-9A1E7A4F7556}") = "FML.Identidade.API", "src\services\FML.Identidade.API\FML.Identidade.API.csproj", "{E3E22145-18B7-48AB-8D89-34D57C34D608}"
EndProject
Project("{9A19103F-16F7-4668-BE54-9A1E7A4F7556}") = "FML.Familiares.API", "src\services\FML.Familiares.API\FML.Familiares.API.csproj", "{216BDC23-405D-4F08-B3BC-18F67C2A6B28}"
EndProject
Project("{9A19103F-16F7-4668-BE54-9A1E7A4F7556}") = "FML.Evento.API", "src\services\FML.Evento.API\FML.Evento.API.csproj", "{76304BB1-D8F0-4A37-8E9B-F4EEC617F449}"
EndProject
Project("{9A19103F-16F7-4668-BE54-9A1E7A4F7556}") = "FML.Core", "src\building blocks\FML.Core\FML.Core.csproj", "{CF055AF1-E15B-4005-9B8F-55D39933F2EF}"
EndProject
Project("{2150E333-8FDC-42A3-9474-1A3956D46DE8}") = "Familiares", "Familiares", "{158143AB-79AD-45A3-8CBD-D71321A7440F}"
EndProject
Project("{2150E333-8FDC-42A3-9474-1A3956D46DE8}") = "Services", "Services", "{532DA7CA-4165-4219-9E14-371413BF7700}"
EndProject
Project("{9A19103F-16F7-4668-BE54-9A1E7A4F7556}") = "FML.WebApi.Core", "src\building blocks\FML.WebApi.Core\FML.WebApi.Core.csproj", "{2B11470E-71D2-4307-899D-0076E46D054A}"
EndProject
Project("{2150E333-8FDC-42A3-9474-1A3956D46DE8}") = "MessageBus", "MessageBus", "{1F0E334C-9FAE-45ED-9F01-6FB023E67335}"
EndProject
Project("{FAE04EC0-301F-11D3-BF4B-00C04F79EFBC}") = "FML.MessageBus", "src\building blocks\FML.MessageBus\FML.MessageBus.csproj", "{676D9DC2-47D8-4757-A6E8-CD45DA91BBDD}"
EndProject
Project("{FAE04EC0-301F-11D3-BF4B-00C04F79EFBC}") = "FML.File.API", "src\services\FML.Arquivo.API\FML.File.API.csproj", "{D399E857-D3C6-42CD-A240-96001AE958B7}"
EndProject
Global
	GlobalSection(SolutionConfigurationPlatforms) = preSolution
		Debug|Any CPU = Debug|Any CPU
		Release|Any CPU = Release|Any CPU
	EndGlobalSection
	GlobalSection(ProjectConfigurationPlatforms) = postSolution
		{FF82591D-3191-4701-9DBA-642F062F410F}.Debug|Any CPU.ActiveCfg = Debug|Any CPU
		{FF82591D-3191-4701-9DBA-642F062F410F}.Debug|Any CPU.Build.0 = Debug|Any CPU
		{FF82591D-3191-4701-9DBA-642F062F410F}.Release|Any CPU.ActiveCfg = Release|Any CPU
		{FF82591D-3191-4701-9DBA-642F062F410F}.Release|Any CPU.Build.0 = Release|Any CPU
		{E3E22145-18B7-48AB-8D89-34D57C34D608}.Debug|Any CPU.ActiveCfg = Debug|Any CPU
		{E3E22145-18B7-48AB-8D89-34D57C34D608}.Debug|Any CPU.Build.0 = Debug|Any CPU
		{E3E22145-18B7-48AB-8D89-34D57C34D608}.Release|Any CPU.ActiveCfg = Release|Any CPU
		{E3E22145-18B7-48AB-8D89-34D57C34D608}.Release|Any CPU.Build.0 = Release|Any CPU
		{216BDC23-405D-4F08-B3BC-18F67C2A6B28}.Debug|Any CPU.ActiveCfg = Debug|Any CPU
		{216BDC23-405D-4F08-B3BC-18F67C2A6B28}.Debug|Any CPU.Build.0 = Debug|Any CPU
		{216BDC23-405D-4F08-B3BC-18F67C2A6B28}.Release|Any CPU.ActiveCfg = Release|Any CPU
		{216BDC23-405D-4F08-B3BC-18F67C2A6B28}.Release|Any CPU.Build.0 = Release|Any CPU
		{76304BB1-D8F0-4A37-8E9B-F4EEC617F449}.Debug|Any CPU.ActiveCfg = Debug|Any CPU
		{76304BB1-D8F0-4A37-8E9B-F4EEC617F449}.Debug|Any CPU.Build.0 = Debug|Any CPU
		{76304BB1-D8F0-4A37-8E9B-F4EEC617F449}.Release|Any CPU.ActiveCfg = Release|Any CPU
		{76304BB1-D8F0-4A37-8E9B-F4EEC617F449}.Release|Any CPU.Build.0 = Release|Any CPU
		{CF055AF1-E15B-4005-9B8F-55D39933F2EF}.Debug|Any CPU.ActiveCfg = Debug|Any CPU
		{CF055AF1-E15B-4005-9B8F-55D39933F2EF}.Debug|Any CPU.Build.0 = Debug|Any CPU
		{CF055AF1-E15B-4005-9B8F-55D39933F2EF}.Release|Any CPU.ActiveCfg = Release|Any CPU
		{CF055AF1-E15B-4005-9B8F-55D39933F2EF}.Release|Any CPU.Build.0 = Release|Any CPU
		{2B11470E-71D2-4307-899D-0076E46D054A}.Debug|Any CPU.ActiveCfg = Debug|Any CPU
		{2B11470E-71D2-4307-899D-0076E46D054A}.Debug|Any CPU.Build.0 = Debug|Any CPU
		{2B11470E-71D2-4307-899D-0076E46D054A}.Release|Any CPU.ActiveCfg = Release|Any CPU
		{2B11470E-71D2-4307-899D-0076E46D054A}.Release|Any CPU.Build.0 = Release|Any CPU
		{676D9DC2-47D8-4757-A6E8-CD45DA91BBDD}.Debug|Any CPU.ActiveCfg = Debug|Any CPU
		{676D9DC2-47D8-4757-A6E8-CD45DA91BBDD}.Debug|Any CPU.Build.0 = Debug|Any CPU
		{676D9DC2-47D8-4757-A6E8-CD45DA91BBDD}.Release|Any CPU.ActiveCfg = Release|Any CPU
		{676D9DC2-47D8-4757-A6E8-CD45DA91BBDD}.Release|Any CPU.Build.0 = Release|Any CPU
		{D399E857-D3C6-42CD-A240-96001AE958B7}.Debug|Any CPU.ActiveCfg = Debug|Any CPU
		{D399E857-D3C6-42CD-A240-96001AE958B7}.Debug|Any CPU.Build.0 = Debug|Any CPU
		{D399E857-D3C6-42CD-A240-96001AE958B7}.Release|Any CPU.ActiveCfg = Release|Any CPU
		{D399E857-D3C6-42CD-A240-96001AE958B7}.Release|Any CPU.Build.0 = Release|Any CPU
	EndGlobalSection
	GlobalSection(SolutionProperties) = preSolution
		HideSolutionNode = FALSE
	EndGlobalSection
	GlobalSection(NestedProjects) = preSolution
		{4DB91786-CE5B-408A-B786-6E08C26E053D} = {E0E43B79-EA1D-4B42-B025-C9521BB01762}
		{5C120592-3084-4B37-81DF-AC001ECB0823} = {E0E43B79-EA1D-4B42-B025-C9521BB01762}
		{1799015C-CB1C-4CAF-A86A-A4278E96B9F0} = {E0E43B79-EA1D-4B42-B025-C9521BB01762}
		{7BE72D90-98C7-4F92-81E2-6C968E0EEED5} = {5C120592-3084-4B37-81DF-AC001ECB0823}
		{8C0DCAFC-03B4-4E95-864F-C3C3CADB2C9B} = {1799015C-CB1C-4CAF-A86A-A4278E96B9F0}
		{50B959F5-48D3-45B8-A366-E4EE698DC1E2} = {4DB91786-CE5B-408A-B786-6E08C26E053D}
		{16AE0CCD-C3BD-458D-9CBF-DCCE01BF48E6} = {5C120592-3084-4B37-81DF-AC001ECB0823}
		{FF82591D-3191-4701-9DBA-642F062F410F} = {8C0DCAFC-03B4-4E95-864F-C3C3CADB2C9B}
		{E3E22145-18B7-48AB-8D89-34D57C34D608} = {7BE72D90-98C7-4F92-81E2-6C968E0EEED5}
		{216BDC23-405D-4F08-B3BC-18F67C2A6B28} = {158143AB-79AD-45A3-8CBD-D71321A7440F}
		{76304BB1-D8F0-4A37-8E9B-F4EEC617F449} = {16AE0CCD-C3BD-458D-9CBF-DCCE01BF48E6}
		{CF055AF1-E15B-4005-9B8F-55D39933F2EF} = {50B959F5-48D3-45B8-A366-E4EE698DC1E2}
		{158143AB-79AD-45A3-8CBD-D71321A7440F} = {5C120592-3084-4B37-81DF-AC001ECB0823}
		{532DA7CA-4165-4219-9E14-371413BF7700} = {4DB91786-CE5B-408A-B786-6E08C26E053D}
		{2B11470E-71D2-4307-899D-0076E46D054A} = {532DA7CA-4165-4219-9E14-371413BF7700}
		{1F0E334C-9FAE-45ED-9F01-6FB023E67335} = {4DB91786-CE5B-408A-B786-6E08C26E053D}
		{676D9DC2-47D8-4757-A6E8-CD45DA91BBDD} = {1F0E334C-9FAE-45ED-9F01-6FB023E67335}
		{D399E857-D3C6-42CD-A240-96001AE958B7} = {532DA7CA-4165-4219-9E14-371413BF7700}
	EndGlobalSection
	GlobalSection(ExtensibilityGlobals) = postSolution
		SolutionGuid = {2A4E7E42-75C3-49A2-A06C-E69CBD1D2844}
	EndGlobalSection
EndGlobal
